
Microsoft Visual Studio Solution File, Format Version 12.00
# Visual Studio 2013
VisualStudioVersion = 12.0.40629.0
MinimumVisualStudioVersion = 10.0.40219.1
Project("{8BC9CEB8-8B4A-11D0-8D11-00A0C91BC942}") = "main", "main\main.vcxproj", "{85CFF863-87C9-448F-96A5-624AC481D588}"
EndProject
Project("{8BC9CEB8-8B4A-11D0-8D11-00A0C91BC942}") = "work", "work\work.vcxproj", "{7FB16289-2BDE-4679-B759-075836507535}"
EndProject
Project("{8BC9CEB8-8B4A-11D0-8D11-00A0C91BC942}") = "layer", "layer\layer.vcxproj", "{EDCA9DA1-46BF-4F9B-9071-F61F7ADA2D9E}"
EndProject
Global
	GlobalSection(SolutionConfigurationPlatforms) = preSolution
		Debug|Win32 = Debug|Win32
		Release|Win32 = Release|Win32
	EndGlobalSection
	GlobalSection(ProjectConfigurationPlatforms) = postSolution
		{85CFF863-87C9-448F-96A5-624AC481D588}.Debug|Win32.ActiveCfg = Debug|Win32
		{85CFF863-87C9-448F-96A5-624AC481D588}.Debug|Win32.Build.0 = Debug|Win32
		{85CFF863-87C9-448F-96A5-624AC481D588}.Release|Win32.ActiveCfg = Release|Win32
		{85CFF863-87C9-448F-96A5-624AC481D588}.Release|Win32.Build.0 = Release|Win32
		{7FB16289-2BDE-4679-B759-075836507535}.Debug|Win32.ActiveCfg = Debug|Win32
		{7FB16289-2BDE-4679-B759-075836507535}.Debug|Win32.Build.0 = Debug|Win32
		{7FB16289-2BDE-4679-B759-075836507535}.Release|Win32.ActiveCfg = Release|Win32
		{7FB16289-2BDE-4679-B759-075836507535}.Release|Win32.Build.0 = Release|Win32
		{EDCA9DA1-46BF-4F9B-9071-F61F7ADA2D9E}.Debug|Win32.ActiveCfg = Debug|Win32
		{EDCA9DA1-46BF-4F9B-9071-F61F7ADA2D9E}.Debug|Win32.Build.0 = Debug|Win32
		{EDCA9DA1-46BF-4F9B-9071-F61F7ADA2D9E}.Release|Win32.ActiveCfg = Release|Win32
		{EDCA9DA1-46BF-4F9B-9071-F61F7ADA2D9E}.Release|Win32.Build.0 = Release|Win32
	EndGlobalSection
	GlobalSection(SolutionProperties) = preSolution
		HideSolutionNode = FALSE
	EndGlobalSection
EndGlobal
